// !$*UTF8*$!
{
	archiveVersion = 1;
	classes = {
	};
	objectVersion = 56;
	objects = {

/* Begin PBXBuildFile section */
		A94CF77F297C482500267209 /* CategoryPickerViewController.swift in Sources */ = {isa = PBXBuildFile; fileRef = A94CF77E297C482500267209 /* CategoryPickerViewController.swift */; };
		A95A4B0F297D556A0042416F /* HudView.swift in Sources */ = {isa = PBXBuildFile; fileRef = A95A4B0E297D556A0042416F /* HudView.swift */; };
		A98E507D297B4EBD002E3F64 /* LocationDetailsViewController.swift in Sources */ = {isa = PBXBuildFile; fileRef = A98E507C297B4EBD002E3F64 /* LocationDetailsViewController.swift */; };
		A99BD17C297AC7BA000884F1 /* AppDelegate.swift in Sources */ = {isa = PBXBuildFile; fileRef = A99BD17B297AC7BA000884F1 /* AppDelegate.swift */; };
		A99BD17E297AC7BA000884F1 /* SceneDelegate.swift in Sources */ = {isa = PBXBuildFile; fileRef = A99BD17D297AC7BA000884F1 /* SceneDelegate.swift */; };
		A99BD180297AC7BA000884F1 /* CurrentLocationViewController.swift in Sources */ = {isa = PBXBuildFile; fileRef = A99BD17F297AC7BA000884F1 /* CurrentLocationViewController.swift */; };
		A99BD183297AC7BA000884F1 /* Main.storyboard in Resources */ = {isa = PBXBuildFile; fileRef = A99BD181297AC7BA000884F1 /* Main.storyboard */; };
		A99BD186297AC7BA000884F1 /* MyLocations.xcdatamodeld in Sources */ = {isa = PBXBuildFile; fileRef = A99BD184297AC7BA000884F1 /* MyLocations.xcdatamodeld */; };
		A99BD188297AC7BB000884F1 /* Assets.xcassets in Resources */ = {isa = PBXBuildFile; fileRef = A99BD187297AC7BB000884F1 /* Assets.xcassets */; };
		A99BD18B297AC7BB000884F1 /* LaunchScreen.storyboard in Resources */ = {isa = PBXBuildFile; fileRef = A99BD189297AC7BB000884F1 /* LaunchScreen.storyboard */; };
		A9AA10E7297EAAED0090277C /* LocationCell.swift in Sources */ = {isa = PBXBuildFile; fileRef = A9AA10E6297EAAED0090277C /* LocationCell.swift */; };
		A9B54237297D6127008268A4 /* Functions.swift in Sources */ = {isa = PBXBuildFile; fileRef = A9B54236297D6127008268A4 /* Functions.swift */; };
		A9B5423A297D6895008268A4 /* Location+CoreDataClass.swift in Sources */ = {isa = PBXBuildFile; fileRef = A9B54238297D6895008268A4 /* Location+CoreDataClass.swift */; };
		A9B5423B297D6895008268A4 /* Location+CoreDataProperties.swift in Sources */ = {isa = PBXBuildFile; fileRef = A9B54239297D6895008268A4 /* Location+CoreDataProperties.swift */; };
		A9B5423D297D87A4008268A4 /* LocationsViewController.swift in Sources */ = {isa = PBXBuildFile; fileRef = A9B5423C297D87A4008268A4 /* LocationsViewController.swift */; };
/* End PBXBuildFile section */

/* Begin PBXFileReference section */
		A94CF77E297C482500267209 /* CategoryPickerViewController.swift */ = {isa = PBXFileReference; lastKnownFileType = sourcecode.swift; path = CategoryPickerViewController.swift; sourceTree = "<group>"; };
		A95A4B0E297D556A0042416F /* HudView.swift */ = {isa = PBXFileReference; lastKnownFileType = sourcecode.swift; path = HudView.swift; sourceTree = "<group>"; };
		A98E507C297B4EBD002E3F64 /* LocationDetailsViewController.swift */ = {isa = PBXFileReference; lastKnownFileType = sourcecode.swift; path = LocationDetailsViewController.swift; sourceTree = "<group>"; };
		A99BD178297AC7BA000884F1 /* MyLocations.app */ = {isa = PBXFileReference; explicitFileType = wrapper.application; includeInIndex = 0; path = MyLocations.app; sourceTree = BUILT_PRODUCTS_DIR; };
		A99BD17B297AC7BA000884F1 /* AppDelegate.swift */ = {isa = PBXFileReference; lastKnownFileType = sourcecode.swift; path = AppDelegate.swift; sourceTree = "<group>"; };
		A99BD17D297AC7BA000884F1 /* SceneDelegate.swift */ = {isa = PBXFileReference; lastKnownFileType = sourcecode.swift; path = SceneDelegate.swift; sourceTree = "<group>"; };
		A99BD17F297AC7BA000884F1 /* CurrentLocationViewController.swift */ = {isa = PBXFileReference; lastKnownFileType = sourcecode.swift; path = CurrentLocationViewController.swift; sourceTree = "<group>"; };
		A99BD182297AC7BA000884F1 /* Base */ = {isa = PBXFileReference; lastKnownFileType = file.storyboard; name = Base; path = Base.lproj/Main.storyboard; sourceTree = "<group>"; };
		A99BD185297AC7BA000884F1 /* MyLocations.xcdatamodel */ = {isa = PBXFileReference; lastKnownFileType = wrapper.xcdatamodel; path = MyLocations.xcdatamodel; sourceTree = "<group>"; };
		A99BD187297AC7BB000884F1 /* Assets.xcassets */ = {isa = PBXFileReference; lastKnownFileType = folder.assetcatalog; path = Assets.xcassets; sourceTree = "<group>"; };
		A99BD18A297AC7BB000884F1 /* Base */ = {isa = PBXFileReference; lastKnownFileType = file.storyboard; name = Base; path = Base.lproj/LaunchScreen.storyboard; sourceTree = "<group>"; };
		A99BD18C297AC7BB000884F1 /* Info.plist */ = {isa = PBXFileReference; lastKnownFileType = text.plist.xml; path = Info.plist; sourceTree = "<group>"; };
		A9AA10E6297EAAED0090277C /* LocationCell.swift */ = {isa = PBXFileReference; lastKnownFileType = sourcecode.swift; path = LocationCell.swift; sourceTree = "<group>"; };
		A9B54236297D6127008268A4 /* Functions.swift */ = {isa = PBXFileReference; lastKnownFileType = sourcecode.swift; path = Functions.swift; sourceTree = "<group>"; };
		A9B54238297D6895008268A4 /* Location+CoreDataClass.swift */ = {isa = PBXFileReference; lastKnownFileType = sourcecode.swift; path = "Location+CoreDataClass.swift"; sourceTree = "<group>"; };
		A9B54239297D6895008268A4 /* Location+CoreDataProperties.swift */ = {isa = PBXFileReference; lastKnownFileType = sourcecode.swift; path = "Location+CoreDataProperties.swift"; sourceTree = "<group>"; };
		A9B5423C297D87A4008268A4 /* LocationsViewController.swift */ = {isa = PBXFileReference; lastKnownFileType = sourcecode.swift; path = LocationsViewController.swift; sourceTree = "<group>"; };
/* End PBXFileReference section */

/* Begin PBXFrameworksBuildPhase section */
		A99BD175297AC7BA000884F1 /* Frameworks */ = {
			isa = PBXFrameworksBuildPhase;
			buildActionMask = 2147483647;
			files = (
			);
			runOnlyForDeploymentPostprocessing = 0;
		};
/* End PBXFrameworksBuildPhase section */

/* Begin PBXGroup section */
		A99BD16F297AC7BA000884F1 = {
			isa = PBXGroup;
			children = (
				A99BD17A297AC7BA000884F1 /* MyLocations */,
				A99BD179297AC7BA000884F1 /* Products */,
			);
			sourceTree = "<group>";
		};
		A99BD179297AC7BA000884F1 /* Products */ = {
			isa = PBXGroup;
			children = (
				A99BD178297AC7BA000884F1 /* MyLocations.app */,
			);
			name = Products;
			sourceTree = "<group>";
		};
		A99BD17A297AC7BA000884F1 /* MyLocations */ = {
			isa = PBXGroup;
			children = (
				A99BD17B297AC7BA000884F1 /* AppDelegate.swift */,
				A99BD187297AC7BB000884F1 /* Assets.xcassets */,
				A94CF77E297C482500267209 /* CategoryPickerViewController.swift */,
				A99BD17F297AC7BA000884F1 /* CurrentLocationViewController.swift */,
				A9B54236297D6127008268A4 /* Functions.swift */,
				A95A4B0E297D556A0042416F /* HudView.swift */,
				A99BD18C297AC7BB000884F1 /* Info.plist */,
				A99BD189297AC7BB000884F1 /* LaunchScreen.storyboard */,
				A9B54238297D6895008268A4 /* Location+CoreDataClass.swift */,
				A9B54239297D6895008268A4 /* Location+CoreDataProperties.swift */,
				A98E507C297B4EBD002E3F64 /* LocationDetailsViewController.swift */,
				A99BD181297AC7BA000884F1 /* Main.storyboard */,
				A99BD184297AC7BA000884F1 /* MyLocations.xcdatamodeld */,
				A99BD17D297AC7BA000884F1 /* SceneDelegate.swift */,
				A9B5423C297D87A4008268A4 /* LocationsViewController.swift */,
				A9AA10E6297EAAED0090277C /* LocationCell.swift */,
			);
			path = MyLocations;
			sourceTree = "<group>";
		};
/* End PBXGroup section */

/* Begin PBXNativeTarget section */
		A99BD177297AC7BA000884F1 /* MyLocations */ = {
			isa = PBXNativeTarget;
			buildConfigurationList = A99BD18F297AC7BB000884F1 /* Build configuration list for PBXNativeTarget "MyLocations" */;
			buildPhases = (
				A99BD174297AC7BA000884F1 /* Sources */,
				A99BD175297AC7BA000884F1 /* Frameworks */,
				A99BD176297AC7BA000884F1 /* Resources */,
			);
			buildRules = (
			);
			dependencies = (
			);
			name = MyLocations;
			productName = MyLocations;
			productReference = A99BD178297AC7BA000884F1 /* MyLocations.app */;
			productType = "com.apple.product-type.application";
		};
/* End PBXNativeTarget section */

/* Begin PBXProject section */
		A99BD170297AC7BA000884F1 /* Project object */ = {
			isa = PBXProject;
			attributes = {
				BuildIndependentTargetsInParallel = 1;
				LastSwiftUpdateCheck = 1420;
				LastUpgradeCheck = 1420;
				TargetAttributes = {
					A99BD177297AC7BA000884F1 = {
						CreatedOnToolsVersion = 14.2;
					};
				};
			};
			buildConfigurationList = A99BD173297AC7BA000884F1 /* Build configuration list for PBXProject "MyLocations" */;
			compatibilityVersion = "Xcode 14.0";
			developmentRegion = en;
			hasScannedForEncodings = 0;
			knownRegions = (
				en,
				Base,
			);
			mainGroup = A99BD16F297AC7BA000884F1;
			productRefGroup = A99BD179297AC7BA000884F1 /* Products */;
			projectDirPath = "";
			projectRoot = "";
			targets = (
				A99BD177297AC7BA000884F1 /* MyLocations */,
			);
		};
/* End PBXProject section */

/* Begin PBXResourcesBuildPhase section */
		A99BD176297AC7BA000884F1 /* Resources */ = {
			isa = PBXResourcesBuildPhase;
			buildActionMask = 2147483647;
			files = (
				A99BD18B297AC7BB000884F1 /* LaunchScreen.storyboard in Resources */,
				A99BD188297AC7BB000884F1 /* Assets.xcassets in Resources */,
				A99BD183297AC7BA000884F1 /* Main.storyboard in Resources */,
			);
			runOnlyForDeploymentPostprocessing = 0;
		};
/* End PBXResourcesBuildPhase section */

/* Begin PBXSourcesBuildPhase section */
		A99BD174297AC7BA000884F1 /* Sources */ = {
			isa = PBXSourcesBuildPhase;
			buildActionMask = 2147483647;
			files = (
				A94CF77F297C482500267209 /* CategoryPickerViewController.swift in Sources */,
				A99BD180297AC7BA000884F1 /* CurrentLocationViewController.swift in Sources */,
				A99BD17C297AC7BA000884F1 /* AppDelegate.swift in Sources */,
				A9B54237297D6127008268A4 /* Functions.swift in Sources */,
				A9B5423D297D87A4008268A4 /* LocationsViewController.swift in Sources */,
				A9B5423B297D6895008268A4 /* Location+CoreDataProperties.swift in Sources */,
				A9AA10E7297EAAED0090277C /* LocationCell.swift in Sources */,
				A99BD186297AC7BA000884F1 /* MyLocations.xcdatamodeld in Sources */,
				A99BD17E297AC7BA000884F1 /* SceneDelegate.swift in Sources */,
				A9B5423A297D6895008268A4 /* Location+CoreDataClass.swift in Sources */,
				A95A4B0F297D556A0042416F /* HudView.swift in Sources */,
				A98E507D297B4EBD002E3F64 /* LocationDetailsViewController.swift in Sources */,
			);
			runOnlyForDeploymentPostprocessing = 0;
		};
/* End PBXSourcesBuildPhase section */

/* Begin PBXVariantGroup section */
		A99BD181297AC7BA000884F1 /* Main.storyboard */ = {
			isa = PBXVariantGroup;
			children = (
				A99BD182297AC7BA000884F1 /* Base */,
			);
			name = Main.storyboard;
			sourceTree = "<group>";
		};
		A99BD189297AC7BB000884F1 /* LaunchScreen.storyboard */ = {
			isa = PBXVariantGroup;
			children = (
				A99BD18A297AC7BB000884F1 /* Base */,
			);
			name = LaunchScreen.storyboard;
			sourceTree = "<group>";
		};
/* End PBXVariantGroup section */

/* Begin XCBuildConfiguration section */
		A99BD18D297AC7BB000884F1 /* Debug */ = {
			isa = XCBuildConfiguration;
			buildSettings = {
				ALWAYS_SEARCH_USER_PATHS = NO;
				CLANG_ANALYZER_NONNULL = YES;
				CLANG_ANALYZER_NUMBER_OBJECT_CONVERSION = YES_AGGRESSIVE;
				CLANG_CXX_LANGUAGE_STANDARD = "gnu++20";
				CLANG_ENABLE_MODULES = YES;
				CLANG_ENABLE_OBJC_ARC = YES;
				CLANG_ENABLE_OBJC_WEAK = YES;
				CLANG_WARN_BLOCK_CAPTURE_AUTORELEASING = YES;
				CLANG_WARN_BOOL_CONVERSION = YES;
				CLANG_WARN_COMMA = YES;
				CLANG_WARN_CONSTANT_CONVERSION = YES;
				CLANG_WARN_DEPRECATED_OBJC_IMPLEMENTATIONS = YES;
				CLANG_WARN_DIRECT_OBJC_ISA_USAGE = YES_ERROR;
				CLANG_WARN_DOCUMENTATION_COMMENTS = YES;
				CLANG_WARN_EMPTY_BODY = YES;
				CLANG_WARN_ENUM_CONVERSION = YES;
				CLANG_WARN_INFINITE_RECURSION = YES;
				CLANG_WARN_INT_CONVERSION = YES;
				CLANG_WARN_NON_LITERAL_NULL_CONVERSION = YES;
				CLANG_WARN_OBJC_IMPLICIT_RETAIN_SELF = YES;
				CLANG_WARN_OBJC_LITERAL_CONVERSION = YES;
				CLANG_WARN_OBJC_ROOT_CLASS = YES_ERROR;
				CLANG_WARN_QUOTED_INCLUDE_IN_FRAMEWORK_HEADER = YES;
				CLANG_WARN_RANGE_LOOP_ANALYSIS = YES;
				CLANG_WARN_STRICT_PROTOTYPES = YES;
				CLANG_WARN_SUSPICIOUS_MOVE = YES;
				CLANG_WARN_UNGUARDED_AVAILABILITY = YES_AGGRESSIVE;
				CLANG_WARN_UNREACHABLE_CODE = YES;
				CLANG_WARN__DUPLICATE_METHOD_MATCH = YES;
				COPY_PHASE_STRIP = NO;
				DEBUG_INFORMATION_FORMAT = dwarf;
				ENABLE_STRICT_OBJC_MSGSEND = YES;
				ENABLE_TESTABILITY = YES;
				GCC_C_LANGUAGE_STANDARD = gnu11;
				GCC_DYNAMIC_NO_PIC = NO;
				GCC_NO_COMMON_BLOCKS = YES;
				GCC_OPTIMIZATION_LEVEL = 0;
				GCC_PREPROCESSOR_DEFINITIONS = (
					"DEBUG=1",
					"$(inherited)",
				);
				GCC_WARN_64_TO_32_BIT_CONVERSION = YES;
				GCC_WARN_ABOUT_RETURN_TYPE = YES_ERROR;
				GCC_WARN_UNDECLARED_SELECTOR = YES;
				GCC_WARN_UNINITIALIZED_AUTOS = YES_AGGRESSIVE;
				GCC_WARN_UNUSED_FUNCTION = YES;
				GCC_WARN_UNUSED_VARIABLE = YES;
				IPHONEOS_DEPLOYMENT_TARGET = 16.2;
				MTL_ENABLE_DEBUG_INFO = INCLUDE_SOURCE;
				MTL_FAST_MATH = YES;
				ONLY_ACTIVE_ARCH = YES;
				SDKROOT = iphoneos;
				SWIFT_ACTIVE_COMPILATION_CONDITIONS = DEBUG;
				SWIFT_OPTIMIZATION_LEVEL = "-Onone";
			};
			name = Debug;
		};
		A99BD18E297AC7BB000884F1 /* Release */ = {
			isa = XCBuildConfiguration;
			buildSettings = {
				ALWAYS_SEARCH_USER_PATHS = NO;
				CLANG_ANALYZER_NONNULL = YES;
				CLANG_ANALYZER_NUMBER_OBJECT_CONVERSION = YES_AGGRESSIVE;
				CLANG_CXX_LANGUAGE_STANDARD = "gnu++20";
				CLANG_ENABLE_MODULES = YES;
				CLANG_ENABLE_OBJC_ARC = YES;
				CLANG_ENABLE_OBJC_WEAK = YES;
				CLANG_WARN_BLOCK_CAPTURE_AUTORELEASING = YES;
				CLANG_WARN_BOOL_CONVERSION = YES;
				CLANG_WARN_COMMA = YES;
				CLANG_WARN_CONSTANT_CONVERSION = YES;
				CLANG_WARN_DEPRECATED_OBJC_IMPLEMENTATIONS = YES;
				CLANG_WARN_DIRECT_OBJC_ISA_USAGE = YES_ERROR;
				CLANG_WARN_DOCUMENTATION_COMMENTS = YES;
				CLANG_WARN_EMPTY_BODY = YES;
				CLANG_WARN_ENUM_CONVERSION = YES;
				CLANG_WARN_INFINITE_RECURSION = YES;
				CLANG_WARN_INT_CONVERSION = YES;
				CLANG_WARN_NON_LITERAL_NULL_CONVERSION = YES;
				CLANG_WARN_OBJC_IMPLICIT_RETAIN_SELF = YES;
				CLANG_WARN_OBJC_LITERAL_CONVERSION = YES;
				CLANG_WARN_OBJC_ROOT_CLASS = YES_ERROR;
				CLANG_WARN_QUOTED_INCLUDE_IN_FRAMEWORK_HEADER = YES;
				CLANG_WARN_RANGE_LOOP_ANALYSIS = YES;
				CLANG_WARN_STRICT_PROTOTYPES = YES;
				CLANG_WARN_SUSPICIOUS_MOVE = YES;
				CLANG_WARN_UNGUARDED_AVAILABILITY = YES_AGGRESSIVE;
				CLANG_WARN_UNREACHABLE_CODE = YES;
				CLANG_WARN__DUPLICATE_METHOD_MATCH = YES;
				COPY_PHASE_STRIP = NO;
				DEBUG_INFORMATION_FORMAT = "dwarf-with-dsym";
				ENABLE_NS_ASSERTIONS = NO;
				ENABLE_STRICT_OBJC_MSGSEND = YES;
				GCC_C_LANGUAGE_STANDARD = gnu11;
				GCC_NO_COMMON_BLOCKS = YES;
				GCC_WARN_64_TO_32_BIT_CONVERSION = YES;
				GCC_WARN_ABOUT_RETURN_TYPE = YES_ERROR;
				GCC_WARN_UNDECLARED_SELECTOR = YES;
				GCC_WARN_UNINITIALIZED_AUTOS = YES_AGGRESSIVE;
				GCC_WARN_UNUSED_FUNCTION = YES;
				GCC_WARN_UNUSED_VARIABLE = YES;
				IPHONEOS_DEPLOYMENT_TARGET = 16.2;
				MTL_ENABLE_DEBUG_INFO = NO;
				MTL_FAST_MATH = YES;
				SDKROOT = iphoneos;
				SWIFT_COMPILATION_MODE = wholemodule;
				SWIFT_OPTIMIZATION_LEVEL = "-O";
				VALIDATE_PRODUCT = YES;
			};
			name = Release;
		};
		A99BD190297AC7BB000884F1 /* Debug */ = {
			isa = XCBuildConfiguration;
			buildSettings = {
				ASSETCATALOG_COMPILER_APPICON_NAME = AppIcon;
				ASSETCATALOG_COMPILER_GLOBAL_ACCENT_COLOR_NAME = AccentColor;
				CODE_SIGN_STYLE = Automatic;
				CURRENT_PROJECT_VERSION = 1;
				DEVELOPMENT_TEAM = 54R28VTTU4;
				GENERATE_INFOPLIST_FILE = YES;
				INFOPLIST_FILE = MyLocations/Info.plist;
				INFOPLIST_KEY_NSLocationWhenInUseUsageDescription = "Это приложение позволяет отслеживать интересные места. Ему нужен доступ к координатам GPS вашего местонахождения.";
				INFOPLIST_KEY_UIApplicationSupportsIndirectInputEvents = YES;
				INFOPLIST_KEY_UILaunchStoryboardName = LaunchScreen;
				INFOPLIST_KEY_UIMainStoryboardFile = Main;
				INFOPLIST_KEY_UIRequiredDeviceCapabilities = gps;
				INFOPLIST_KEY_UISupportedInterfaceOrientations = UIInterfaceOrientationPortrait;
				IPHONEOS_DEPLOYMENT_TARGET = 15.0;
				LD_RUNPATH_SEARCH_PATHS = (
					"$(inherited)",
					"@executable_path/Frameworks",
				);
				MARKETING_VERSION = 1.0;
				PRODUCT_BUNDLE_IDENTIFIER = com.shchetnikovich.MyLocations;
				PRODUCT_NAME = "$(TARGET_NAME)";
				SWIFT_EMIT_LOC_STRINGS = YES;
				SWIFT_VERSION = 5.0;
				TARGETED_DEVICE_FAMILY = "1,2";
			};
			name = Debug;
		};
		A99BD191297AC7BB000884F1 /* Release */ = {
			isa = XCBuildConfiguration;
			buildSettings = {
				ASSETCATALOG_COMPILER_APPICON_NAME = AppIcon;
				ASSETCATALOG_COMPILER_GLOBAL_ACCENT_COLOR_NAME = AccentColor;
				CODE_SIGN_STYLE = Automatic;
				CURRENT_PROJECT_VERSION = 1;
				DEVELOPMENT_TEAM = 54R28VTTU4;
				GENERATE_INFOPLIST_FILE = YES;
				INFOPLIST_FILE = MyLocations/Info.plist;
				INFOPLIST_KEY_NSLocationWhenInUseUsageDescription = "Это приложение позволяет отслеживать интересные места. Ему нужен доступ к координатам GPS вашего местонахождения.";
				INFOPLIST_KEY_UIApplicationSupportsIndirectInputEvents = YES;
				INFOPLIST_KEY_UILaunchStoryboardName = LaunchScreen;
				INFOPLIST_KEY_UIMainStoryboardFile = Main;
				INFOPLIST_KEY_UIRequiredDeviceCapabilities = gps;
				INFOPLIST_KEY_UISupportedInterfaceOrientations = UIInterfaceOrientationPortrait;
				IPHONEOS_DEPLOYMENT_TARGET = 15.0;
				LD_RUNPATH_SEARCH_PATHS = (
					"$(inherited)",
					"@executable_path/Frameworks",
				);
				MARKETING_VERSION = 1.0;
				PRODUCT_BUNDLE_IDENTIFIER = com.shchetnikovich.MyLocations;
				PRODUCT_NAME = "$(TARGET_NAME)";
				SWIFT_EMIT_LOC_STRINGS = YES;
				SWIFT_VERSION = 5.0;
				TARGETED_DEVICE_FAMILY = "1,2";
			};
			name = Release;
		};
/* End XCBuildConfiguration section */

/* Begin XCConfigurationList section */
		A99BD173297AC7BA000884F1 /* Build configuration list for PBXProject "MyLocations" */ = {
			isa = XCConfigurationList;
			buildConfigurations = (
				A99BD18D297AC7BB000884F1 /* Debug */,
				A99BD18E297AC7BB000884F1 /* Release */,
			);
			defaultConfigurationIsVisible = 0;
			defaultConfigurationName = Release;
		};
		A99BD18F297AC7BB000884F1 /* Build configuration list for PBXNativeTarget "MyLocations" */ = {
			isa = XCConfigurationList;
			buildConfigurations = (
				A99BD190297AC7BB000884F1 /* Debug */,
				A99BD191297AC7BB000884F1 /* Release */,
			);
			defaultConfigurationIsVisible = 0;
			defaultConfigurationName = Release;
		};
/* End XCConfigurationList section */

/* Begin XCVersionGroup section */
		A99BD184297AC7BA000884F1 /* MyLocations.xcdatamodeld */ = {
			isa = XCVersionGroup;
			children = (
				A99BD185297AC7BA000884F1 /* MyLocations.xcdatamodel */,
			);
			currentVersion = A99BD185297AC7BA000884F1 /* MyLocations.xcdatamodel */;
			path = MyLocations.xcdatamodeld;
			sourceTree = "<group>";
			versionGroupType = wrapper.xcdatamodel;
		};
/* End XCVersionGroup section */
	};
	rootObject = A99BD170297AC7BA000884F1 /* Project object */;
}
